
Microsoft Visual Studio Solution File, Format Version 12.00
# Visual Studio Version 16
VisualStudioVersion = 16.0.31105.61
MinimumVisualStudioVersion = 10.0.40219.1
Project("{FAE04EC0-301F-11D3-BF4B-00C04F79EFBC}") = "finTech", "finTech\finTech.csproj", "{6B7A1AFF-F7DC-4F33-9E93-34D5DAFC150E}"
EndProject
Global
	GlobalSection(SolutionConfigurationPlatforms) = preSolution
		Debug|Any CPU = Debug|Any CPU
		Release|Any CPU = Release|Any CPU
	EndGlobalSection
	GlobalSection(ProjectConfigurationPlatforms) = postSolution
		{6B7A1AFF-F7DC-4F33-9E93-34D5DAFC150E}.Debug|Any CPU.ActiveCfg = Debug|Any CPU
		{6B7A1AFF-F7DC-4F33-9E93-34D5DAFC150E}.Debug|Any CPU.Build.0 = Debug|Any CPU
		{6B7A1AFF-F7DC-4F33-9E93-34D5DAFC150E}.Release|Any CPU.ActiveCfg = Release|Any CPU
		{6B7A1AFF-F7DC-4F33-9E93-34D5DAFC150E}.Release|Any CPU.Build.0 = Release|Any CPU
	EndGlobalSection
	GlobalSection(SolutionProperties) = preSolution
		HideSolutionNode = FALSE
	EndGlobalSection
	GlobalSection(ExtensibilityGlobals) = postSolution
		SolutionGuid = {0F5C0CBE-2B81-4F46-9E5C-77E743D757D6}
	EndGlobalSection
EndGlobal
